
Microsoft Visual Studio Solution File, Format Version 12.00
# Visual Studio Version 16
VisualStudioVersion = 16.0.28407.52
MinimumVisualStudioVersion = 10.0.40219.1
Project("{FAE04EC0-301F-11D3-BF4B-00C04F79EFBC}") = "CommandosMissionEditor", "CommandosMissionEditor\CommandosMissionEditor.csproj", "{8E43050C-3918-474C-A347-914A43E6F99E}"
EndProject
Project("{FAE04EC0-301F-11D3-BF4B-00C04F79EFBC}") = "Commandos.Model", "Commandos.Model\Commandos.Model.csproj", "{5F696EFE-A149-455E-AFCF-156174B5A6A1}"
EndProject
Project("{FAE04EC0-301F-11D3-BF4B-00C04F79EFBC}") = "Commandos.IO", "Commandos.IO\Commandos.IO.csproj", "{40FEFAE9-37A3-4992-8D18-C587575E5841}"
EndProject
Project("{FAE04EC0-301F-11D3-BF4B-00C04F79EFBC}") = "Commandos.IO.Tests", "Commandos.IO.Tests\Commandos.IO.Tests.csproj", "{6B6D97E4-EC43-4BB3-8EF7-4421F967722E}"
EndProject
Project("{FAE04EC0-301F-11D3-BF4B-00C04F79EFBC}") = "CommandosMissionEditor.Universal", "CommandosMissionEditor.Universal\CommandosMissionEditor.Universal.csproj", "{188B7E42-56CA-4CB7-BBC8-E80ACBF33860}"
EndProject
Global
	GlobalSection(SolutionConfigurationPlatforms) = preSolution
		Debug|Any CPU = Debug|Any CPU
		Debug|ARM = Debug|ARM
		Debug|ARM64 = Debug|ARM64
		Debug|x64 = Debug|x64
		Debug|x86 = Debug|x86
		Release|Any CPU = Release|Any CPU
		Release|ARM = Release|ARM
		Release|ARM64 = Release|ARM64
		Release|x64 = Release|x64
		Release|x86 = Release|x86
	EndGlobalSection
	GlobalSection(ProjectConfigurationPlatforms) = postSolution
		{8E43050C-3918-474C-A347-914A43E6F99E}.Debug|Any CPU.ActiveCfg = Debug|Any CPU
		{8E43050C-3918-474C-A347-914A43E6F99E}.Debug|Any CPU.Build.0 = Debug|Any CPU
		{8E43050C-3918-474C-A347-914A43E6F99E}.Debug|ARM.ActiveCfg = Debug|Any CPU
		{8E43050C-3918-474C-A347-914A43E6F99E}.Debug|ARM.Build.0 = Debug|Any CPU
		{8E43050C-3918-474C-A347-914A43E6F99E}.Debug|ARM64.ActiveCfg = Debug|Any CPU
		{8E43050C-3918-474C-A347-914A43E6F99E}.Debug|ARM64.Build.0 = Debug|Any CPU
		{8E43050C-3918-474C-A347-914A43E6F99E}.Debug|x64.ActiveCfg = Debug|Any CPU
		{8E43050C-3918-474C-A347-914A43E6F99E}.Debug|x64.Build.0 = Debug|Any CPU
		{8E43050C-3918-474C-A347-914A43E6F99E}.Debug|x86.ActiveCfg = Debug|Any CPU
		{8E43050C-3918-474C-A347-914A43E6F99E}.Debug|x86.Build.0 = Debug|Any CPU
		{8E43050C-3918-474C-A347-914A43E6F99E}.Release|Any CPU.ActiveCfg = Release|Any CPU
		{8E43050C-3918-474C-A347-914A43E6F99E}.Release|Any CPU.Build.0 = Release|Any CPU
		{8E43050C-3918-474C-A347-914A43E6F99E}.Release|ARM.ActiveCfg = Release|Any CPU
		{8E43050C-3918-474C-A347-914A43E6F99E}.Release|ARM.Build.0 = Release|Any CPU
		{8E43050C-3918-474C-A347-914A43E6F99E}.Release|ARM64.ActiveCfg = Release|Any CPU
		{8E43050C-3918-474C-A347-914A43E6F99E}.Release|ARM64.Build.0 = Release|Any CPU
		{8E43050C-3918-474C-A347-914A43E6F99E}.Release|x64.ActiveCfg = Release|Any CPU
		{8E43050C-3918-474C-A347-914A43E6F99E}.Release|x64.Build.0 = Release|Any CPU
		{8E43050C-3918-474C-A347-914A43E6F99E}.Release|x86.ActiveCfg = Release|Any CPU
		{8E43050C-3918-474C-A347-914A43E6F99E}.Release|x86.Build.0 = Release|Any CPU
		{5F696EFE-A149-455E-AFCF-156174B5A6A1}.Debug|Any CPU.ActiveCfg = Debug|Any CPU
		{5F696EFE-A149-455E-AFCF-156174B5A6A1}.Debug|Any CPU.Build.0 = Debug|Any CPU
		{5F696EFE-A149-455E-AFCF-156174B5A6A1}.Debug|ARM.ActiveCfg = Debug|Any CPU
		{5F696EFE-A149-455E-AFCF-156174B5A6A1}.Debug|ARM.Build.0 = Debug|Any CPU
		{5F696EFE-A149-455E-AFCF-156174B5A6A1}.Debug|ARM64.ActiveCfg = Debug|Any CPU
		{5F696EFE-A149-455E-AFCF-156174B5A6A1}.Debug|ARM64.Build.0 = Debug|Any CPU
		{5F696EFE-A149-455E-AFCF-156174B5A6A1}.Debug|x64.ActiveCfg = Debug|Any CPU
		{5F696EFE-A149-455E-AFCF-156174B5A6A1}.Debug|x64.Build.0 = Debug|Any CPU
		{5F696EFE-A149-455E-AFCF-156174B5A6A1}.Debug|x86.ActiveCfg = Debug|Any CPU
		{5F696EFE-A149-455E-AFCF-156174B5A6A1}.Debug|x86.Build.0 = Debug|Any CPU
		{5F696EFE-A149-455E-AFCF-156174B5A6A1}.Release|Any CPU.ActiveCfg = Release|Any CPU
		{5F696EFE-A149-455E-AFCF-156174B5A6A1}.Release|Any CPU.Build.0 = Release|Any CPU
		{5F696EFE-A149-455E-AFCF-156174B5A6A1}.Release|ARM.ActiveCfg = Release|Any CPU
		{5F696EFE-A149-455E-AFCF-156174B5A6A1}.Release|ARM.Build.0 = Release|Any CPU
		{5F696EFE-A149-455E-AFCF-156174B5A6A1}.Release|ARM64.ActiveCfg = Release|Any CPU
		{5F696EFE-A149-455E-AFCF-156174B5A6A1}.Release|ARM64.Build.0 = Release|Any CPU
		{5F696EFE-A149-455E-AFCF-156174B5A6A1}.Release|x64.ActiveCfg = Release|Any CPU
		{5F696EFE-A149-455E-AFCF-156174B5A6A1}.Release|x64.Build.0 = Release|Any CPU
		{5F696EFE-A149-455E-AFCF-156174B5A6A1}.Release|x86.ActiveCfg = Release|Any CPU
		{5F696EFE-A149-455E-AFCF-156174B5A6A1}.Release|x86.Build.0 = Release|Any CPU
		{40FEFAE9-37A3-4992-8D18-C587575E5841}.Debug|Any CPU.ActiveCfg = Debug|Any CPU
		{40FEFAE9-37A3-4992-8D18-C587575E5841}.Debug|Any CPU.Build.0 = Debug|Any CPU
		{40FEFAE9-37A3-4992-8D18-C587575E5841}.Debug|ARM.ActiveCfg = Debug|Any CPU
		{40FEFAE9-37A3-4992-8D18-C587575E5841}.Debug|ARM.Build.0 = Debug|Any CPU
		{40FEFAE9-37A3-4992-8D18-C587575E5841}.Debug|ARM64.ActiveCfg = Debug|Any CPU
		{40FEFAE9-37A3-4992-8D18-C587575E5841}.Debug|ARM64.Build.0 = Debug|Any CPU
		{40FEFAE9-37A3-4992-8D18-C587575E5841}.Debug|x64.ActiveCfg = Debug|Any CPU
		{40FEFAE9-37A3-4992-8D18-C587575E5841}.Debug|x64.Build.0 = Debug|Any CPU
		{40FEFAE9-37A3-4992-8D18-C587575E5841}.Debug|x86.ActiveCfg = Debug|Any CPU
		{40FEFAE9-37A3-4992-8D18-C587575E5841}.Debug|x86.Build.0 = Debug|Any CPU
		{40FEFAE9-37A3-4992-8D18-C587575E5841}.Release|Any CPU.ActiveCfg = Release|Any CPU
		{40FEFAE9-37A3-4992-8D18-C587575E5841}.Release|Any CPU.Build.0 = Release|Any CPU
		{40FEFAE9-37A3-4992-8D18-C587575E5841}.Release|ARM.ActiveCfg = Release|Any CPU
		{40FEFAE9-37A3-4992-8D18-C587575E5841}.Release|ARM.Build.0 = Release|Any CPU
		{40FEFAE9-37A3-4992-8D18-C587575E5841}.Release|ARM64.ActiveCfg = Release|Any CPU
		{40FEFAE9-37A3-4992-8D18-C587575E5841}.Release|ARM64.Build.0 = Release|Any CPU
		{40FEFAE9-37A3-4992-8D18-C587575E5841}.Release|x64.ActiveCfg = Release|Any CPU
		{40FEFAE9-37A3-4992-8D18-C587575E5841}.Release|x64.Build.0 = Release|Any CPU
		{40FEFAE9-37A3-4992-8D18-C587575E5841}.Release|x86.ActiveCfg = Release|Any CPU
		{40FEFAE9-37A3-4992-8D18-C587575E5841}.Release|x86.Build.0 = Release|Any CPU
		{6B6D97E4-EC43-4BB3-8EF7-4421F967722E}.Debug|Any CPU.ActiveCfg = Debug|Any CPU
		{6B6D97E4-EC43-4BB3-8EF7-4421F967722E}.Debug|Any CPU.Build.0 = Debug|Any CPU
		{6B6D97E4-EC43-4BB3-8EF7-4421F967722E}.Debug|ARM.ActiveCfg = Debug|Any CPU
		{6B6D97E4-EC43-4BB3-8EF7-4421F967722E}.Debug|ARM.Build.0 = Debug|Any CPU
		{6B6D97E4-EC43-4BB3-8EF7-4421F967722E}.Debug|ARM64.ActiveCfg = Debug|Any CPU
		{6B6D97E4-EC43-4BB3-8EF7-4421F967722E}.Debug|ARM64.Build.0 = Debug|Any CPU
		{6B6D97E4-EC43-4BB3-8EF7-4421F967722E}.Debug|x64.ActiveCfg = Debug|Any CPU
		{6B6D97E4-EC43-4BB3-8EF7-4421F967722E}.Debug|x64.Build.0 = Debug|Any CPU
		{6B6D97E4-EC43-4BB3-8EF7-4421F967722E}.Debug|x86.ActiveCfg = Debug|Any CPU
		{6B6D97E4-EC43-4BB3-8EF7-4421F967722E}.Debug|x86.Build.0 = Debug|Any CPU
		{6B6D97E4-EC43-4BB3-8EF7-4421F967722E}.Release|Any CPU.ActiveCfg = Release|Any CPU
		{6B6D97E4-EC43-4BB3-8EF7-4421F967722E}.Release|Any CPU.Build.0 = Release|Any CPU
		{6B6D97E4-EC43-4BB3-8EF7-4421F967722E}.Release|ARM.ActiveCfg = Release|Any CPU
		{6B6D97E4-EC43-4BB3-8EF7-4421F967722E}.Release|ARM.Build.0 = Release|Any CPU
		{6B6D97E4-EC43-4BB3-8EF7-4421F967722E}.Release|ARM64.ActiveCfg = Release|Any CPU
		{6B6D97E4-EC43-4BB3-8EF7-4421F967722E}.Release|ARM64.Build.0 = Release|Any CPU
		{6B6D97E4-EC43-4BB3-8EF7-4421F967722E}.Release|x64.ActiveCfg = Release|Any CPU
		{6B6D97E4-EC43-4BB3-8EF7-4421F967722E}.Release|x64.Build.0 = Release|Any CPU
		{6B6D97E4-EC43-4BB3-8EF7-4421F967722E}.Release|x86.ActiveCfg = Release|Any CPU
		{6B6D97E4-EC43-4BB3-8EF7-4421F967722E}.Release|x86.Build.0 = Release|Any CPU
		{188B7E42-56CA-4CB7-BBC8-E80ACBF33860}.Debug|Any CPU.ActiveCfg = Debug|x86
		{188B7E42-56CA-4CB7-BBC8-E80ACBF33860}.Debug|ARM.ActiveCfg = Debug|ARM
		{188B7E42-56CA-4CB7-BBC8-E80ACBF33860}.Debug|ARM.Build.0 = Debug|ARM
		{188B7E42-56CA-4CB7-BBC8-E80ACBF33860}.Debug|ARM.Deploy.0 = Debug|ARM
		{188B7E42-56CA-4CB7-BBC8-E80ACBF33860}.Debug|ARM64.ActiveCfg = Debug|ARM64
		{188B7E42-56CA-4CB7-BBC8-E80ACBF33860}.Debug|ARM64.Build.0 = Debug|ARM64
		{188B7E42-56CA-4CB7-BBC8-E80ACBF33860}.Debug|ARM64.Deploy.0 = Debug|ARM64
		{188B7E42-56CA-4CB7-BBC8-E80ACBF33860}.Debug|x64.ActiveCfg = Debug|x64
		{188B7E42-56CA-4CB7-BBC8-E80ACBF33860}.Debug|x64.Build.0 = Debug|x64
		{188B7E42-56CA-4CB7-BBC8-E80ACBF33860}.Debug|x64.Deploy.0 = Debug|x64
		{188B7E42-56CA-4CB7-BBC8-E80ACBF33860}.Debug|x86.ActiveCfg = Debug|x86
		{188B7E42-56CA-4CB7-BBC8-E80ACBF33860}.Debug|x86.Build.0 = Debug|x86
		{188B7E42-56CA-4CB7-BBC8-E80ACBF33860}.Debug|x86.Deploy.0 = Debug|x86
		{188B7E42-56CA-4CB7-BBC8-E80ACBF33860}.Release|Any CPU.ActiveCfg = Release|x86
		{188B7E42-56CA-4CB7-BBC8-E80ACBF33860}.Release|ARM.ActiveCfg = Release|ARM
		{188B7E42-56CA-4CB7-BBC8-E80ACBF33860}.Release|ARM.Build.0 = Release|ARM
		{188B7E42-56CA-4CB7-BBC8-E80ACBF33860}.Release|ARM.Deploy.0 = Release|ARM
		{188B7E42-56CA-4CB7-BBC8-E80ACBF33860}.Release|ARM64.ActiveCfg = Release|ARM64
		{188B7E42-56CA-4CB7-BBC8-E80ACBF33860}.Release|ARM64.Build.0 = Release|ARM64
		{188B7E42-56CA-4CB7-BBC8-E80ACBF33860}.Release|ARM64.Deploy.0 = Release|ARM64
		{188B7E42-56CA-4CB7-BBC8-E80ACBF33860}.Release|x64.ActiveCfg = Release|x64
		{188B7E42-56CA-4CB7-BBC8-E80ACBF33860}.Release|x64.Build.0 = Release|x64
		{188B7E42-56CA-4CB7-BBC8-E80ACBF33860}.Release|x64.Deploy.0 = Release|x64
		{188B7E42-56CA-4CB7-BBC8-E80ACBF33860}.Release|x86.ActiveCfg = Release|x86
		{188B7E42-56CA-4CB7-BBC8-E80ACBF33860}.Release|x86.Build.0 = Release|x86
		{188B7E42-56CA-4CB7-BBC8-E80ACBF33860}.Release|x86.Deploy.0 = Release|x86
	EndGlobalSection
	GlobalSection(SolutionProperties) = preSolution
		HideSolutionNode = FALSE
	EndGlobalSection
	GlobalSection(ExtensibilityGlobals) = postSolution
		SolutionGuid = {F4FD8264-16DA-43B3-A948-DAD7996DE7FC}
	EndGlobalSection
EndGlobal
