
Microsoft Visual Studio Solution File, Format Version 12.00
# Visual Studio Version 16
VisualStudioVersion = 16.0.28407.52
MinimumVisualStudioVersion = 10.0.40219.1
Project("{FAE04EC0-301F-11D3-BF4B-00C04F79EFBC}") = "CommandosMissionEditor", "CommandosMissionEditor\CommandosMissionEditor.csproj", "{8E43050C-3918-474C-A347-914A43E6F99E}"
EndProject
Project("{FAE04EC0-301F-11D3-BF4B-00C04F79EFBC}") = "Commandos.Model", "Commandos.Model\Commandos.Model.csproj", "{5F696EFE-A149-455E-AFCF-156174B5A6A1}"
EndProject
Project("{FAE04EC0-301F-11D3-BF4B-00C04F79EFBC}") = "Commandos.IO", "Commandos.IO\Commandos.IO.csproj", "{40FEFAE9-37A3-4992-8D18-C587575E5841}"
EndProject
Project("{FAE04EC0-301F-11D3-BF4B-00C04F79EFBC}") = "Commandos.IO.Tests", "Commandos.IO.Tests\Commandos.IO.Tests.csproj", "{6B6D97E4-EC43-4BB3-8EF7-4421F967722E}"
EndProject
Global
	GlobalSection(SolutionConfigurationPlatforms) = preSolution
		Debug|Any CPU = Debug|Any CPU
		Release|Any CPU = Release|Any CPU
	EndGlobalSection
	GlobalSection(ProjectConfigurationPlatforms) = postSolution
		{8E43050C-3918-474C-A347-914A43E6F99E}.Debug|Any CPU.ActiveCfg = Debug|Any CPU
		{8E43050C-3918-474C-A347-914A43E6F99E}.Debug|Any CPU.Build.0 = Debug|Any CPU
		{8E43050C-3918-474C-A347-914A43E6F99E}.Release|Any CPU.ActiveCfg = Release|Any CPU
		{8E43050C-3918-474C-A347-914A43E6F99E}.Release|Any CPU.Build.0 = Release|Any CPU
		{5F696EFE-A149-455E-AFCF-156174B5A6A1}.Debug|Any CPU.ActiveCfg = Debug|Any CPU
		{5F696EFE-A149-455E-AFCF-156174B5A6A1}.Debug|Any CPU.Build.0 = Debug|Any CPU
		{5F696EFE-A149-455E-AFCF-156174B5A6A1}.Release|Any CPU.ActiveCfg = Release|Any CPU
		{5F696EFE-A149-455E-AFCF-156174B5A6A1}.Release|Any CPU.Build.0 = Release|Any CPU
		{40FEFAE9-37A3-4992-8D18-C587575E5841}.Debug|Any CPU.ActiveCfg = Debug|Any CPU
		{40FEFAE9-37A3-4992-8D18-C587575E5841}.Debug|Any CPU.Build.0 = Debug|Any CPU
		{40FEFAE9-37A3-4992-8D18-C587575E5841}.Release|Any CPU.ActiveCfg = Release|Any CPU
		{40FEFAE9-37A3-4992-8D18-C587575E5841}.Release|Any CPU.Build.0 = Release|Any CPU
		{6B6D97E4-EC43-4BB3-8EF7-4421F967722E}.Debug|Any CPU.ActiveCfg = Debug|Any CPU
		{6B6D97E4-EC43-4BB3-8EF7-4421F967722E}.Debug|Any CPU.Build.0 = Debug|Any CPU
		{6B6D97E4-EC43-4BB3-8EF7-4421F967722E}.Release|Any CPU.ActiveCfg = Release|Any CPU
		{6B6D97E4-EC43-4BB3-8EF7-4421F967722E}.Release|Any CPU.Build.0 = Release|Any CPU
	EndGlobalSection
	GlobalSection(SolutionProperties) = preSolution
		HideSolutionNode = FALSE
	EndGlobalSection
	GlobalSection(ExtensibilityGlobals) = postSolution
		SolutionGuid = {F4FD8264-16DA-43B3-A948-DAD7996DE7FC}
	EndGlobalSection
EndGlobal
